// !$*UTF8*$!
{
	archiveVersion = 1;
	classes = {
	};
	objectVersion = 55;
	objects = {

/* Begin PBXBuildFile section */
		D93347E028711B7A0015BF6D /* ProfileView.swift in Sources */ = {isa = PBXBuildFile; fileRef = D93347DF28711B7A0015BF6D /* ProfileView.swift */; };
		D93347E228711C1C0015BF6D /* SettingsView.swift in Sources */ = {isa = PBXBuildFile; fileRef = D93347E128711C1C0015BF6D /* SettingsView.swift */; };
		D9428604286C843100637DB3 /* AlwaseetAppApp.swift in Sources */ = {isa = PBXBuildFile; fileRef = D9428603286C843100637DB3 /* AlwaseetAppApp.swift */; };
		D9428606286C843100637DB3 /* ContentView2.swift in Sources */ = {isa = PBXBuildFile; fileRef = D9428605286C843100637DB3 /* ContentView2.swift */; };
		D9428608286C843800637DB3 /* Assets.xcassets in Resources */ = {isa = PBXBuildFile; fileRef = D9428607286C843800637DB3 /* Assets.xcassets */; };
		D942860B286C843800637DB3 /* Preview Assets.xcassets in Resources */ = {isa = PBXBuildFile; fileRef = D942860A286C843800637DB3 /* Preview Assets.xcassets */; };
		D9428621286C868800637DB3 /* LogInView.swift in Sources */ = {isa = PBXBuildFile; fileRef = D9428616286C868700637DB3 /* LogInView.swift */; };
		D9428622286C868800637DB3 /* PlaceDetailView.swift in Sources */ = {isa = PBXBuildFile; fileRef = D9428617286C868700637DB3 /* PlaceDetailView.swift */; };
		D9428623286C868800637DB3 /* AccountView.swift in Sources */ = {isa = PBXBuildFile; fileRef = D9428618286C868800637DB3 /* AccountView.swift */; };
		D9428624286C868800637DB3 /* ContentView.swift in Sources */ = {isa = PBXBuildFile; fileRef = D9428619286C868800637DB3 /* ContentView.swift */; };
		D9428625286C868800637DB3 /* ActivitiesCartView.swift in Sources */ = {isa = PBXBuildFile; fileRef = D942861A286C868800637DB3 /* ActivitiesCartView.swift */; };
		D9428626286C868800637DB3 /* BlurView.swift in Sources */ = {isa = PBXBuildFile; fileRef = D942861B286C868800637DB3 /* BlurView.swift */; };
		D9428627286C868800637DB3 /* ActivitiesContentView.swift in Sources */ = {isa = PBXBuildFile; fileRef = D942861C286C868800637DB3 /* ActivitiesContentView.swift */; };
		D9428628286C868800637DB3 /* SignUpView.swift in Sources */ = {isa = PBXBuildFile; fileRef = D942861D286C868800637DB3 /* SignUpView.swift */; };
		D9428629286C868800637DB3 /* TabBarView.swift in Sources */ = {isa = PBXBuildFile; fileRef = D942861E286C868800637DB3 /* TabBarView.swift */; };
		D942862A286C868800637DB3 /* UIScrollViewController.swift in Sources */ = {isa = PBXBuildFile; fileRef = D942861F286C868800637DB3 /* UIScrollViewController.swift */; };
		D942862B286C868800637DB3 /* ActivitiesMockStore.swift in Sources */ = {isa = PBXBuildFile; fileRef = D9428620286C868800637DB3 /* ActivitiesMockStore.swift */; };
		D9428644286C8A7900637DB3 /* Constants.swift in Sources */ = {isa = PBXBuildFile; fileRef = D9428643286C8A7900637DB3 /* Constants.swift */; };
		D9428646286C9EB900637DB3 /* PagingView.swift in Sources */ = {isa = PBXBuildFile; fileRef = D9428645286C9EB900637DB3 /* PagingView.swift */; };
		D98239E7286D6B06006E28BA /* Slider+Observed.swift in Sources */ = {isa = PBXBuildFile; fileRef = D98239E6286D6B06006E28BA /* Slider+Observed.swift */; };
		D98239E9286D6B4A006E28BA /* SlidersData.swift in Sources */ = {isa = PBXBuildFile; fileRef = D98239E8286D6B4A006E28BA /* SlidersData.swift */; };
		D98239EB286D6BFC006E28BA /* HomeView.swift in Sources */ = {isa = PBXBuildFile; fileRef = D98239EA286D6BFC006E28BA /* HomeView.swift */; };
		D98239EE286D78CD006E28BA /* NetworkManager.swift in Sources */ = {isa = PBXBuildFile; fileRef = D98239ED286D78CD006E28BA /* NetworkManager.swift */; };
		D98239F1286D8152006E28BA /* Realm in Frameworks */ = {isa = PBXBuildFile; productRef = D98239F0286D8152006E28BA /* Realm */; };
		D98239F3286D8152006E28BA /* RealmSwift in Frameworks */ = {isa = PBXBuildFile; productRef = D98239F2286D8152006E28BA /* RealmSwift */; };
		D98239F5286D83F1006E28BA /* UserData.swift in Sources */ = {isa = PBXBuildFile; fileRef = D98239F4286D83F1006E28BA /* UserData.swift */; };
		D98239F7286D865E006E28BA /* LoginView+Observed.swift in Sources */ = {isa = PBXBuildFile; fileRef = D98239F6286D865E006E28BA /* LoginView+Observed.swift */; };
		D98239F9286EC31B006E28BA /* ArrayTransform.swift in Sources */ = {isa = PBXBuildFile; fileRef = D98239F8286EC31B006E28BA /* ArrayTransform.swift */; };
		D98239FC286EC45C006E28BA /* ObjectMapper in Frameworks */ = {isa = PBXBuildFile; productRef = D98239FB286EC45C006E28BA /* ObjectMapper */; };
		D98239FE286EF035006E28BA /* SignUp+Observed.swift in Sources */ = {isa = PBXBuildFile; fileRef = D98239FD286EF035006E28BA /* SignUp+Observed.swift */; };
		D9823A00286F0C3C006E28BA /* HomeView+Observed.swift in Sources */ = {isa = PBXBuildFile; fileRef = D98239FF286F0C3C006E28BA /* HomeView+Observed.swift */; };
		D9823A02286F0D14006E28BA /* AdvsData.swift in Sources */ = {isa = PBXBuildFile; fileRef = D9823A01286F0D14006E28BA /* AdvsData.swift */; };
		D9823A04286F0F79006E28BA /* CategoriesData.swift in Sources */ = {isa = PBXBuildFile; fileRef = D9823A03286F0F79006E28BA /* CategoriesData.swift */; };
		D9823A06286F16CC006E28BA /* AdvsCell.swift in Sources */ = {isa = PBXBuildFile; fileRef = D9823A05286F16CC006E28BA /* AdvsCell.swift */; };
		D9823A08286F2801006E28BA /* MyAdvsView.swift in Sources */ = {isa = PBXBuildFile; fileRef = D9823A07286F2801006E28BA /* MyAdvsView.swift */; };
		D9823A0A286F281F006E28BA /* MyAdvsView+Observed.swift in Sources */ = {isa = PBXBuildFile; fileRef = D9823A09286F281F006E28BA /* MyAdvsView+Observed.swift */; };
		D9823A0C286F41DF006E28BA /* AddAdvsView.swift in Sources */ = {isa = PBXBuildFile; fileRef = D9823A0B286F41DF006E28BA /* AddAdvsView.swift */; };
		D9823A1028710DA9006E28BA /* AddAdvsView+Observed.swift in Sources */ = {isa = PBXBuildFile; fileRef = D9823A0F28710DA9006E28BA /* AddAdvsView+Observed.swift */; };
/* End PBXBuildFile section */

/* Begin PBXFileReference section */
		D93347DF28711B7A0015BF6D /* ProfileView.swift */ = {isa = PBXFileReference; fileEncoding = 4; lastKnownFileType = sourcecode.swift; path = ProfileView.swift; sourceTree = "<group>"; };
		D93347E128711C1C0015BF6D /* SettingsView.swift */ = {isa = PBXFileReference; fileEncoding = 4; lastKnownFileType = sourcecode.swift; path = SettingsView.swift; sourceTree = "<group>"; };
		D9428600286C843000637DB3 /* AlwaseetApp.app */ = {isa = PBXFileReference; explicitFileType = wrapper.application; includeInIndex = 0; path = AlwaseetApp.app; sourceTree = BUILT_PRODUCTS_DIR; };
		D9428603286C843100637DB3 /* AlwaseetAppApp.swift */ = {isa = PBXFileReference; lastKnownFileType = sourcecode.swift; path = AlwaseetAppApp.swift; sourceTree = "<group>"; };
		D9428605286C843100637DB3 /* ContentView2.swift */ = {isa = PBXFileReference; lastKnownFileType = sourcecode.swift; path = ContentView2.swift; sourceTree = "<group>"; };
		D9428607286C843800637DB3 /* Assets.xcassets */ = {isa = PBXFileReference; lastKnownFileType = folder.assetcatalog; path = Assets.xcassets; sourceTree = "<group>"; };
		D942860A286C843800637DB3 /* Preview Assets.xcassets */ = {isa = PBXFileReference; lastKnownFileType = folder.assetcatalog; path = "Preview Assets.xcassets"; sourceTree = "<group>"; };
		D9428616286C868700637DB3 /* LogInView.swift */ = {isa = PBXFileReference; fileEncoding = 4; lastKnownFileType = sourcecode.swift; path = LogInView.swift; sourceTree = "<group>"; };
		D9428617286C868700637DB3 /* PlaceDetailView.swift */ = {isa = PBXFileReference; fileEncoding = 4; lastKnownFileType = sourcecode.swift; path = PlaceDetailView.swift; sourceTree = "<group>"; };
		D9428618286C868800637DB3 /* AccountView.swift */ = {isa = PBXFileReference; fileEncoding = 4; lastKnownFileType = sourcecode.swift; path = AccountView.swift; sourceTree = "<group>"; };
		D9428619286C868800637DB3 /* ContentView.swift */ = {isa = PBXFileReference; fileEncoding = 4; lastKnownFileType = sourcecode.swift; path = ContentView.swift; sourceTree = "<group>"; };
		D942861A286C868800637DB3 /* ActivitiesCartView.swift */ = {isa = PBXFileReference; fileEncoding = 4; lastKnownFileType = sourcecode.swift; path = ActivitiesCartView.swift; sourceTree = "<group>"; };
		D942861B286C868800637DB3 /* BlurView.swift */ = {isa = PBXFileReference; fileEncoding = 4; lastKnownFileType = sourcecode.swift; path = BlurView.swift; sourceTree = "<group>"; };
		D942861C286C868800637DB3 /* ActivitiesContentView.swift */ = {isa = PBXFileReference; fileEncoding = 4; lastKnownFileType = sourcecode.swift; path = ActivitiesContentView.swift; sourceTree = "<group>"; };
		D942861D286C868800637DB3 /* SignUpView.swift */ = {isa = PBXFileReference; fileEncoding = 4; lastKnownFileType = sourcecode.swift; path = SignUpView.swift; sourceTree = "<group>"; };
		D942861E286C868800637DB3 /* TabBarView.swift */ = {isa = PBXFileReference; fileEncoding = 4; lastKnownFileType = sourcecode.swift; path = TabBarView.swift; sourceTree = "<group>"; };
		D942861F286C868800637DB3 /* UIScrollViewController.swift */ = {isa = PBXFileReference; fileEncoding = 4; lastKnownFileType = sourcecode.swift; path = UIScrollViewController.swift; sourceTree = "<group>"; };
		D9428620286C868800637DB3 /* ActivitiesMockStore.swift */ = {isa = PBXFileReference; fileEncoding = 4; lastKnownFileType = sourcecode.swift; path = ActivitiesMockStore.swift; sourceTree = "<group>"; };
		D9428643286C8A7900637DB3 /* Constants.swift */ = {isa = PBXFileReference; lastKnownFileType = sourcecode.swift; path = Constants.swift; sourceTree = "<group>"; };
		D9428645286C9EB900637DB3 /* PagingView.swift */ = {isa = PBXFileReference; lastKnownFileType = sourcecode.swift; path = PagingView.swift; sourceTree = "<group>"; };
		D98239E6286D6B06006E28BA /* Slider+Observed.swift */ = {isa = PBXFileReference; lastKnownFileType = sourcecode.swift; path = "Slider+Observed.swift"; sourceTree = "<group>"; };
		D98239E8286D6B4A006E28BA /* SlidersData.swift */ = {isa = PBXFileReference; lastKnownFileType = sourcecode.swift; path = SlidersData.swift; sourceTree = "<group>"; };
		D98239EA286D6BFC006E28BA /* HomeView.swift */ = {isa = PBXFileReference; lastKnownFileType = sourcecode.swift; path = HomeView.swift; sourceTree = "<group>"; };
		D98239ED286D78CD006E28BA /* NetworkManager.swift */ = {isa = PBXFileReference; lastKnownFileType = sourcecode.swift; path = NetworkManager.swift; sourceTree = "<group>"; };
		D98239F4286D83F1006E28BA /* UserData.swift */ = {isa = PBXFileReference; lastKnownFileType = sourcecode.swift; path = UserData.swift; sourceTree = "<group>"; };
		D98239F6286D865E006E28BA /* LoginView+Observed.swift */ = {isa = PBXFileReference; lastKnownFileType = sourcecode.swift; path = "LoginView+Observed.swift"; sourceTree = "<group>"; };
		D98239F8286EC31B006E28BA /* ArrayTransform.swift */ = {isa = PBXFileReference; lastKnownFileType = sourcecode.swift; path = ArrayTransform.swift; sourceTree = "<group>"; };
		D98239FD286EF035006E28BA /* SignUp+Observed.swift */ = {isa = PBXFileReference; lastKnownFileType = sourcecode.swift; path = "SignUp+Observed.swift"; sourceTree = "<group>"; };
		D98239FF286F0C3C006E28BA /* HomeView+Observed.swift */ = {isa = PBXFileReference; lastKnownFileType = sourcecode.swift; path = "HomeView+Observed.swift"; sourceTree = "<group>"; };
		D9823A01286F0D14006E28BA /* AdvsData.swift */ = {isa = PBXFileReference; lastKnownFileType = sourcecode.swift; path = AdvsData.swift; sourceTree = "<group>"; };
		D9823A03286F0F79006E28BA /* CategoriesData.swift */ = {isa = PBXFileReference; lastKnownFileType = sourcecode.swift; path = CategoriesData.swift; sourceTree = "<group>"; };
		D9823A05286F16CC006E28BA /* AdvsCell.swift */ = {isa = PBXFileReference; lastKnownFileType = sourcecode.swift; path = AdvsCell.swift; sourceTree = "<group>"; };
		D9823A07286F2801006E28BA /* MyAdvsView.swift */ = {isa = PBXFileReference; lastKnownFileType = sourcecode.swift; path = MyAdvsView.swift; sourceTree = "<group>"; };
		D9823A09286F281F006E28BA /* MyAdvsView+Observed.swift */ = {isa = PBXFileReference; lastKnownFileType = sourcecode.swift; path = "MyAdvsView+Observed.swift"; sourceTree = "<group>"; };
		D9823A0B286F41DF006E28BA /* AddAdvsView.swift */ = {isa = PBXFileReference; lastKnownFileType = sourcecode.swift; path = AddAdvsView.swift; sourceTree = "<group>"; };
		D9823A0F28710DA9006E28BA /* AddAdvsView+Observed.swift */ = {isa = PBXFileReference; lastKnownFileType = sourcecode.swift; path = "AddAdvsView+Observed.swift"; sourceTree = "<group>"; };
/* End PBXFileReference section */

/* Begin PBXFrameworksBuildPhase section */
		D94285FD286C843000637DB3 /* Frameworks */ = {
			isa = PBXFrameworksBuildPhase;
			buildActionMask = 2147483647;
			files = (
				D98239FC286EC45C006E28BA /* ObjectMapper in Frameworks */,
				D98239F3286D8152006E28BA /* RealmSwift in Frameworks */,
				D98239F1286D8152006E28BA /* Realm in Frameworks */,
			);
			runOnlyForDeploymentPostprocessing = 0;
		};
/* End PBXFrameworksBuildPhase section */

/* Begin PBXGroup section */
		D94285F7286C843000637DB3 = {
			isa = PBXGroup;
			children = (
				D9428602286C843100637DB3 /* AlwaseetApp */,
				D9428601286C843100637DB3 /* Products */,
			);
			sourceTree = "<group>";
		};
		D9428601286C843100637DB3 /* Products */ = {
			isa = PBXGroup;
			children = (
				D9428600286C843000637DB3 /* AlwaseetApp.app */,
			);
			name = Products;
			sourceTree = "<group>";
		};
		D9428602286C843100637DB3 /* AlwaseetApp */ = {
			isa = PBXGroup;
			children = (
				D98239EC286D78BA006E28BA /* App */,
				D98239E5286D6AEB006E28BA /* Identifiable */,
				D98239E4286D6AA5006E28BA /* Observed */,
				D9428615286C867800637DB3 /* View */,
				D9428603286C843100637DB3 /* AlwaseetAppApp.swift */,
				D9428605286C843100637DB3 /* ContentView2.swift */,
				D9428607286C843800637DB3 /* Assets.xcassets */,
				D9428609286C843800637DB3 /* Preview Content */,
				D9428643286C8A7900637DB3 /* Constants.swift */,
				D9428645286C9EB900637DB3 /* PagingView.swift */,
			);
			path = AlwaseetApp;
			sourceTree = "<group>";
		};
		D9428609286C843800637DB3 /* Preview Content */ = {
			isa = PBXGroup;
			children = (
				D942860A286C843800637DB3 /* Preview Assets.xcassets */,
			);
			path = "Preview Content";
			sourceTree = "<group>";
		};
		D9428615286C867800637DB3 /* View */ = {
			isa = PBXGroup;
			children = (
				D9428618286C868800637DB3 /* AccountView.swift */,
				D942861A286C868800637DB3 /* ActivitiesCartView.swift */,
				D942861C286C868800637DB3 /* ActivitiesContentView.swift */,
				D93347DF28711B7A0015BF6D /* ProfileView.swift */,
				D93347E128711C1C0015BF6D /* SettingsView.swift */,
				D9823A05286F16CC006E28BA /* AdvsCell.swift */,
				D98239EA286D6BFC006E28BA /* HomeView.swift */,
				D9823A07286F2801006E28BA /* MyAdvsView.swift */,
				D9428620286C868800637DB3 /* ActivitiesMockStore.swift */,
				D942861B286C868800637DB3 /* BlurView.swift */,
				D9428619286C868800637DB3 /* ContentView.swift */,
				D9428616286C868700637DB3 /* LogInView.swift */,
				D9428617286C868700637DB3 /* PlaceDetailView.swift */,
				D942861D286C868800637DB3 /* SignUpView.swift */,
				D942861E286C868800637DB3 /* TabBarView.swift */,
				D942861F286C868800637DB3 /* UIScrollViewController.swift */,
				D9823A0B286F41DF006E28BA /* AddAdvsView.swift */,
			);
			path = View;
			sourceTree = "<group>";
		};
		D98239E4286D6AA5006E28BA /* Observed */ = {
			isa = PBXGroup;
			children = (
				D98239E6286D6B06006E28BA /* Slider+Observed.swift */,
				D98239F6286D865E006E28BA /* LoginView+Observed.swift */,
				D98239FD286EF035006E28BA /* SignUp+Observed.swift */,
				D98239FF286F0C3C006E28BA /* HomeView+Observed.swift */,
				D9823A09286F281F006E28BA /* MyAdvsView+Observed.swift */,
				D9823A0F28710DA9006E28BA /* AddAdvsView+Observed.swift */,
			);
			path = Observed;
			sourceTree = "<group>";
		};
		D98239E5286D6AEB006E28BA /* Identifiable */ = {
			isa = PBXGroup;
			children = (
				D98239E8286D6B4A006E28BA /* SlidersData.swift */,
				D9823A01286F0D14006E28BA /* AdvsData.swift */,
				D98239F4286D83F1006E28BA /* UserData.swift */,
				D9823A03286F0F79006E28BA /* CategoriesData.swift */,
			);
			path = Identifiable;
			sourceTree = "<group>";
		};
		D98239EC286D78BA006E28BA /* App */ = {
			isa = PBXGroup;
			children = (
				D98239ED286D78CD006E28BA /* NetworkManager.swift */,
				D98239F8286EC31B006E28BA /* ArrayTransform.swift */,
			);
			path = App;
			sourceTree = "<group>";
		};
/* End PBXGroup section */

/* Begin PBXNativeTarget section */
		D94285FF286C843000637DB3 /* AlwaseetApp */ = {
			isa = PBXNativeTarget;
			buildConfigurationList = D942860E286C843800637DB3 /* Build configuration list for PBXNativeTarget "AlwaseetApp" */;
			buildPhases = (
				D94285FC286C843000637DB3 /* Sources */,
				D94285FD286C843000637DB3 /* Frameworks */,
				D94285FE286C843000637DB3 /* Resources */,
			);
			buildRules = (
			);
			dependencies = (
			);
			name = AlwaseetApp;
			packageProductDependencies = (
				D98239F0286D8152006E28BA /* Realm */,
				D98239F2286D8152006E28BA /* RealmSwift */,
				D98239FB286EC45C006E28BA /* ObjectMapper */,
			);
			productName = AlwaseetApp;
			productReference = D9428600286C843000637DB3 /* AlwaseetApp.app */;
			productType = "com.apple.product-type.application";
		};
/* End PBXNativeTarget section */

/* Begin PBXProject section */
		D94285F8286C843000637DB3 /* Project object */ = {
			isa = PBXProject;
			attributes = {
				BuildIndependentTargetsInParallel = 1;
				LastSwiftUpdateCheck = 1320;
				LastUpgradeCheck = 1320;
				TargetAttributes = {
					D94285FF286C843000637DB3 = {
						CreatedOnToolsVersion = 13.2.1;
					};
				};
			};
			buildConfigurationList = D94285FB286C843000637DB3 /* Build configuration list for PBXProject "AlwaseetApp" */;
			compatibilityVersion = "Xcode 13.0";
			developmentRegion = en;
			hasScannedForEncodings = 0;
			knownRegions = (
				en,
				Base,
			);
			mainGroup = D94285F7286C843000637DB3;
			packageReferences = (
				D98239EF286D8152006E28BA /* XCRemoteSwiftPackageReference "realm-swift" */,
				D98239FA286EC45B006E28BA /* XCRemoteSwiftPackageReference "ObjectMapper" */,
			);
			productRefGroup = D9428601286C843100637DB3 /* Products */;
			projectDirPath = "";
			projectRoot = "";
			targets = (
				D94285FF286C843000637DB3 /* AlwaseetApp */,
			);
		};
/* End PBXProject section */

/* Begin PBXResourcesBuildPhase section */
		D94285FE286C843000637DB3 /* Resources */ = {
			isa = PBXResourcesBuildPhase;
			buildActionMask = 2147483647;
			files = (
				D942860B286C843800637DB3 /* Preview Assets.xcassets in Resources */,
				D9428608286C843800637DB3 /* Assets.xcassets in Resources */,
			);
			runOnlyForDeploymentPostprocessing = 0;
		};
/* End PBXResourcesBuildPhase section */

/* Begin PBXSourcesBuildPhase section */
		D94285FC286C843000637DB3 /* Sources */ = {
			isa = PBXSourcesBuildPhase;
			buildActionMask = 2147483647;
			files = (
				D98239EE286D78CD006E28BA /* NetworkManager.swift in Sources */,
				D9428621286C868800637DB3 /* LogInView.swift in Sources */,
				D98239E9286D6B4A006E28BA /* SlidersData.swift in Sources */,
				D9823A00286F0C3C006E28BA /* HomeView+Observed.swift in Sources */,
				D9428629286C868800637DB3 /* TabBarView.swift in Sources */,
				D9428626286C868800637DB3 /* BlurView.swift in Sources */,
				D9823A0C286F41DF006E28BA /* AddAdvsView.swift in Sources */,
				D9428646286C9EB900637DB3 /* PagingView.swift in Sources */,
				D9428606286C843100637DB3 /* ContentView2.swift in Sources */,
				D98239F7286D865E006E28BA /* LoginView+Observed.swift in Sources */,
				D9823A1028710DA9006E28BA /* AddAdvsView+Observed.swift in Sources */,
				D9823A04286F0F79006E28BA /* CategoriesData.swift in Sources */,
				D9823A08286F2801006E28BA /* MyAdvsView.swift in Sources */,
				D9428624286C868800637DB3 /* ContentView.swift in Sources */,
				D9428627286C868800637DB3 /* ActivitiesContentView.swift in Sources */,
				D98239F9286EC31B006E28BA /* ArrayTransform.swift in Sources */,
				D9428625286C868800637DB3 /* ActivitiesCartView.swift in Sources */,
				D98239EB286D6BFC006E28BA /* HomeView.swift in Sources */,
				D98239E7286D6B06006E28BA /* Slider+Observed.swift in Sources */,
				D9823A02286F0D14006E28BA /* AdvsData.swift in Sources */,
				D942862A286C868800637DB3 /* UIScrollViewController.swift in Sources */,
				D93347E228711C1C0015BF6D /* SettingsView.swift in Sources */,
				D9823A0A286F281F006E28BA /* MyAdvsView+Observed.swift in Sources */,
				D9428628286C868800637DB3 /* SignUpView.swift in Sources */,
				D942862B286C868800637DB3 /* ActivitiesMockStore.swift in Sources */,
				D93347E028711B7A0015BF6D /* ProfileView.swift in Sources */,
				D9428604286C843100637DB3 /* AlwaseetAppApp.swift in Sources */,
				D9428644286C8A7900637DB3 /* Constants.swift in Sources */,
				D9428622286C868800637DB3 /* PlaceDetailView.swift in Sources */,
				D98239FE286EF035006E28BA /* SignUp+Observed.swift in Sources */,
				D98239F5286D83F1006E28BA /* UserData.swift in Sources */,
				D9823A06286F16CC006E28BA /* AdvsCell.swift in Sources */,
				D9428623286C868800637DB3 /* AccountView.swift in Sources */,
			);
			runOnlyForDeploymentPostprocessing = 0;
		};
/* End PBXSourcesBuildPhase section */

/* Begin XCBuildConfiguration section */
		D942860C286C843800637DB3 /* Debug */ = {
			isa = XCBuildConfiguration;
			buildSettings = {
				ALWAYS_SEARCH_USER_PATHS = NO;
				CLANG_ANALYZER_NONNULL = YES;
				CLANG_ANALYZER_NUMBER_OBJECT_CONVERSION = YES_AGGRESSIVE;
				CLANG_CXX_LANGUAGE_STANDARD = "gnu++17";
				CLANG_CXX_LIBRARY = "libc++";
				CLANG_ENABLE_MODULES = YES;
				CLANG_ENABLE_OBJC_ARC = YES;
				CLANG_ENABLE_OBJC_WEAK = YES;
				CLANG_WARN_BLOCK_CAPTURE_AUTORELEASING = YES;
				CLANG_WARN_BOOL_CONVERSION = YES;
				CLANG_WARN_COMMA = YES;
				CLANG_WARN_CONSTANT_CONVERSION = YES;
				CLANG_WARN_DEPRECATED_OBJC_IMPLEMENTATIONS = YES;
				CLANG_WARN_DIRECT_OBJC_ISA_USAGE = YES_ERROR;
				CLANG_WARN_DOCUMENTATION_COMMENTS = YES;
				CLANG_WARN_EMPTY_BODY = YES;
				CLANG_WARN_ENUM_CONVERSION = YES;
				CLANG_WARN_INFINITE_RECURSION = YES;
				CLANG_WARN_INT_CONVERSION = YES;
				CLANG_WARN_NON_LITERAL_NULL_CONVERSION = YES;
				CLANG_WARN_OBJC_IMPLICIT_RETAIN_SELF = YES;
				CLANG_WARN_OBJC_LITERAL_CONVERSION = YES;
				CLANG_WARN_OBJC_ROOT_CLASS = YES_ERROR;
				CLANG_WARN_QUOTED_INCLUDE_IN_FRAMEWORK_HEADER = YES;
				CLANG_WARN_RANGE_LOOP_ANALYSIS = YES;
				CLANG_WARN_STRICT_PROTOTYPES = YES;
				CLANG_WARN_SUSPICIOUS_MOVE = YES;
				CLANG_WARN_UNGUARDED_AVAILABILITY = YES_AGGRESSIVE;
				CLANG_WARN_UNREACHABLE_CODE = YES;
				CLANG_WARN__DUPLICATE_METHOD_MATCH = YES;
				COPY_PHASE_STRIP = NO;
				DEBUG_INFORMATION_FORMAT = dwarf;
				ENABLE_STRICT_OBJC_MSGSEND = YES;
				ENABLE_TESTABILITY = YES;
				GCC_C_LANGUAGE_STANDARD = gnu11;
				GCC_DYNAMIC_NO_PIC = NO;
				GCC_NO_COMMON_BLOCKS = YES;
				GCC_OPTIMIZATION_LEVEL = 0;
				GCC_PREPROCESSOR_DEFINITIONS = (
					"DEBUG=1",
					"$(inherited)",
				);
				GCC_WARN_64_TO_32_BIT_CONVERSION = YES;
				GCC_WARN_ABOUT_RETURN_TYPE = YES_ERROR;
				GCC_WARN_UNDECLARED_SELECTOR = YES;
				GCC_WARN_UNINITIALIZED_AUTOS = YES_AGGRESSIVE;
				GCC_WARN_UNUSED_FUNCTION = YES;
				GCC_WARN_UNUSED_VARIABLE = YES;
				IPHONEOS_DEPLOYMENT_TARGET = 15.2;
				MTL_ENABLE_DEBUG_INFO = INCLUDE_SOURCE;
				MTL_FAST_MATH = YES;
				ONLY_ACTIVE_ARCH = YES;
				SDKROOT = iphoneos;
				SWIFT_ACTIVE_COMPILATION_CONDITIONS = DEBUG;
				SWIFT_OPTIMIZATION_LEVEL = "-Onone";
			};
			name = Debug;
		};
		D942860D286C843800637DB3 /* Release */ = {
			isa = XCBuildConfiguration;
			buildSettings = {
				ALWAYS_SEARCH_USER_PATHS = NO;
				CLANG_ANALYZER_NONNULL = YES;
				CLANG_ANALYZER_NUMBER_OBJECT_CONVERSION = YES_AGGRESSIVE;
				CLANG_CXX_LANGUAGE_STANDARD = "gnu++17";
				CLANG_CXX_LIBRARY = "libc++";
				CLANG_ENABLE_MODULES = YES;
				CLANG_ENABLE_OBJC_ARC = YES;
				CLANG_ENABLE_OBJC_WEAK = YES;
				CLANG_WARN_BLOCK_CAPTURE_AUTORELEASING = YES;
				CLANG_WARN_BOOL_CONVERSION = YES;
				CLANG_WARN_COMMA = YES;
				CLANG_WARN_CONSTANT_CONVERSION = YES;
				CLANG_WARN_DEPRECATED_OBJC_IMPLEMENTATIONS = YES;
				CLANG_WARN_DIRECT_OBJC_ISA_USAGE = YES_ERROR;
				CLANG_WARN_DOCUMENTATION_COMMENTS = YES;
				CLANG_WARN_EMPTY_BODY = YES;
				CLANG_WARN_ENUM_CONVERSION = YES;
				CLANG_WARN_INFINITE_RECURSION = YES;
				CLANG_WARN_INT_CONVERSION = YES;
				CLANG_WARN_NON_LITERAL_NULL_CONVERSION = YES;
				CLANG_WARN_OBJC_IMPLICIT_RETAIN_SELF = YES;
				CLANG_WARN_OBJC_LITERAL_CONVERSION = YES;
				CLANG_WARN_OBJC_ROOT_CLASS = YES_ERROR;
				CLANG_WARN_QUOTED_INCLUDE_IN_FRAMEWORK_HEADER = YES;
				CLANG_WARN_RANGE_LOOP_ANALYSIS = YES;
				CLANG_WARN_STRICT_PROTOTYPES = YES;
				CLANG_WARN_SUSPICIOUS_MOVE = YES;
				CLANG_WARN_UNGUARDED_AVAILABILITY = YES_AGGRESSIVE;
				CLANG_WARN_UNREACHABLE_CODE = YES;
				CLANG_WARN__DUPLICATE_METHOD_MATCH = YES;
				COPY_PHASE_STRIP = NO;
				DEBUG_INFORMATION_FORMAT = "dwarf-with-dsym";
				ENABLE_NS_ASSERTIONS = NO;
				ENABLE_STRICT_OBJC_MSGSEND = YES;
				GCC_C_LANGUAGE_STANDARD = gnu11;
				GCC_NO_COMMON_BLOCKS = YES;
				GCC_WARN_64_TO_32_BIT_CONVERSION = YES;
				GCC_WARN_ABOUT_RETURN_TYPE = YES_ERROR;
				GCC_WARN_UNDECLARED_SELECTOR = YES;
				GCC_WARN_UNINITIALIZED_AUTOS = YES_AGGRESSIVE;
				GCC_WARN_UNUSED_FUNCTION = YES;
				GCC_WARN_UNUSED_VARIABLE = YES;
				IPHONEOS_DEPLOYMENT_TARGET = 15.2;
				MTL_ENABLE_DEBUG_INFO = NO;
				MTL_FAST_MATH = YES;
				SDKROOT = iphoneos;
				SWIFT_COMPILATION_MODE = wholemodule;
				SWIFT_OPTIMIZATION_LEVEL = "-O";
				VALIDATE_PRODUCT = YES;
			};
			name = Release;
		};
		D942860F286C843800637DB3 /* Debug */ = {
			isa = XCBuildConfiguration;
			buildSettings = {
				ASSETCATALOG_COMPILER_APPICON_NAME = AppIcon;
				ASSETCATALOG_COMPILER_GLOBAL_ACCENT_COLOR_NAME = AccentColor;
				CODE_SIGN_STYLE = Automatic;
				CURRENT_PROJECT_VERSION = 1;
				DEVELOPMENT_ASSET_PATHS = "\"AlwaseetApp/Preview Content\"";
				DEVELOPMENT_TEAM = NZH8HDS5R8;
				ENABLE_PREVIEWS = YES;
				GENERATE_INFOPLIST_FILE = YES;
				INFOPLIST_KEY_UIApplicationSceneManifest_Generation = YES;
				INFOPLIST_KEY_UIApplicationSupportsIndirectInputEvents = YES;
				INFOPLIST_KEY_UILaunchScreen_Generation = YES;
				INFOPLIST_KEY_UISupportedInterfaceOrientations_iPad = "UIInterfaceOrientationPortrait UIInterfaceOrientationPortraitUpsideDown UIInterfaceOrientationLandscapeLeft UIInterfaceOrientationLandscapeRight";
				INFOPLIST_KEY_UISupportedInterfaceOrientations_iPhone = "UIInterfaceOrientationPortrait UIInterfaceOrientationLandscapeLeft UIInterfaceOrientationLandscapeRight";
				LD_RUNPATH_SEARCH_PATHS = (
					"$(inherited)",
					"@executable_path/Frameworks",
				);
				MARKETING_VERSION = 1.0;
				PRODUCT_BUNDLE_IDENTIFIER = com.injaz.AlwaseetApp;
				PRODUCT_NAME = "$(TARGET_NAME)";
				SWIFT_EMIT_LOC_STRINGS = YES;
				SWIFT_VERSION = 5.0;
				TARGETED_DEVICE_FAMILY = "1,2";
			};
			name = Debug;
		};
		D9428610286C843800637DB3 /* Release */ = {
			isa = XCBuildConfiguration;
			buildSettings = {
				ASSETCATALOG_COMPILER_APPICON_NAME = AppIcon;
				ASSETCATALOG_COMPILER_GLOBAL_ACCENT_COLOR_NAME = AccentColor;
				CODE_SIGN_STYLE = Automatic;
				CURRENT_PROJECT_VERSION = 1;
				DEVELOPMENT_ASSET_PATHS = "\"AlwaseetApp/Preview Content\"";
				DEVELOPMENT_TEAM = NZH8HDS5R8;
				ENABLE_PREVIEWS = YES;
				GENERATE_INFOPLIST_FILE = YES;
				INFOPLIST_KEY_UIApplicationSceneManifest_Generation = YES;
				INFOPLIST_KEY_UIApplicationSupportsIndirectInputEvents = YES;
				INFOPLIST_KEY_UILaunchScreen_Generation = YES;
				INFOPLIST_KEY_UISupportedInterfaceOrientations_iPad = "UIInterfaceOrientationPortrait UIInterfaceOrientationPortraitUpsideDown UIInterfaceOrientationLandscapeLeft UIInterfaceOrientationLandscapeRight";
				INFOPLIST_KEY_UISupportedInterfaceOrientations_iPhone = "UIInterfaceOrientationPortrait UIInterfaceOrientationLandscapeLeft UIInterfaceOrientationLandscapeRight";
				LD_RUNPATH_SEARCH_PATHS = (
					"$(inherited)",
					"@executable_path/Frameworks",
				);
				MARKETING_VERSION = 1.0;
				PRODUCT_BUNDLE_IDENTIFIER = com.injaz.AlwaseetApp;
				PRODUCT_NAME = "$(TARGET_NAME)";
				SWIFT_EMIT_LOC_STRINGS = YES;
				SWIFT_VERSION = 5.0;
				TARGETED_DEVICE_FAMILY = "1,2";
			};
			name = Release;
		};
/* End XCBuildConfiguration section */

/* Begin XCConfigurationList section */
		D94285FB286C843000637DB3 /* Build configuration list for PBXProject "AlwaseetApp" */ = {
			isa = XCConfigurationList;
			buildConfigurations = (
				D942860C286C843800637DB3 /* Debug */,
				D942860D286C843800637DB3 /* Release */,
			);
			defaultConfigurationIsVisible = 0;
			defaultConfigurationName = Release;
		};
		D942860E286C843800637DB3 /* Build configuration list for PBXNativeTarget "AlwaseetApp" */ = {
			isa = XCConfigurationList;
			buildConfigurations = (
				D942860F286C843800637DB3 /* Debug */,
				D9428610286C843800637DB3 /* Release */,
			);
			defaultConfigurationIsVisible = 0;
			defaultConfigurationName = Release;
		};
/* End XCConfigurationList section */

/* Begin XCRemoteSwiftPackageReference section */
		D98239EF286D8152006E28BA /* XCRemoteSwiftPackageReference "realm-swift" */ = {
			isa = XCRemoteSwiftPackageReference;
			repositoryURL = "https://github.com/realm/realm-swift";
			requirement = {
				branch = master;
				kind = branch;
			};
		};
		D98239FA286EC45B006E28BA /* XCRemoteSwiftPackageReference "ObjectMapper" */ = {
			isa = XCRemoteSwiftPackageReference;
			repositoryURL = "https://github.com/tristanhimmelman/ObjectMapper.git";
			requirement = {
				kind = upToNextMajorVersion;
				minimumVersion = 4.1.0;
			};
		};
/* End XCRemoteSwiftPackageReference section */

/* Begin XCSwiftPackageProductDependency section */
		D98239F0286D8152006E28BA /* Realm */ = {
			isa = XCSwiftPackageProductDependency;
			package = D98239EF286D8152006E28BA /* XCRemoteSwiftPackageReference "realm-swift" */;
			productName = Realm;
		};
		D98239F2286D8152006E28BA /* RealmSwift */ = {
			isa = XCSwiftPackageProductDependency;
			package = D98239EF286D8152006E28BA /* XCRemoteSwiftPackageReference "realm-swift" */;
			productName = RealmSwift;
		};
		D98239FB286EC45C006E28BA /* ObjectMapper */ = {
			isa = XCSwiftPackageProductDependency;
			package = D98239FA286EC45B006E28BA /* XCRemoteSwiftPackageReference "ObjectMapper" */;
			productName = ObjectMapper;
		};
/* End XCSwiftPackageProductDependency section */
	};
	rootObject = D94285F8286C843000637DB3 /* Project object */;
}
